
Microsoft Visual Studio Solution File, Format Version 12.00
# Visual Studio 15
VisualStudioVersion = 15.0.28010.2050
MinimumVisualStudioVersion = 10.0.40219.1
Project("{FAE04EC0-301F-11D3-BF4B-00C04F79EFBC}") = "WebApplication2", "WebApplication2\WebApplication2.csproj", "{BB578395-2114-49AD-90AB-C076958F1E33}"
EndProject
Global
	GlobalSection(SolutionConfigurationPlatforms) = preSolution
		Debug|Any CPU = Debug|Any CPU
		Release|Any CPU = Release|Any CPU
	EndGlobalSection
	GlobalSection(ProjectConfigurationPlatforms) = postSolution
		{BB578395-2114-49AD-90AB-C076958F1E33}.Debug|Any CPU.ActiveCfg = Debug|Any CPU
		{BB578395-2114-49AD-90AB-C076958F1E33}.Debug|Any CPU.Build.0 = Debug|Any CPU
		{BB578395-2114-49AD-90AB-C076958F1E33}.Release|Any CPU.ActiveCfg = Release|Any CPU
		{BB578395-2114-49AD-90AB-C076958F1E33}.Release|Any CPU.Build.0 = Release|Any CPU
	EndGlobalSection
	GlobalSection(SolutionProperties) = preSolution
		HideSolutionNode = FALSE
	EndGlobalSection
	GlobalSection(ExtensibilityGlobals) = postSolution
		SolutionGuid = {0C1FB7D2-1BAB-450B-ADF3-7A5D76909DD2}
	EndGlobalSection
EndGlobal
